
Microsoft Visual Studio Solution File, Format Version 12.00
# Visual Studio Version 17
VisualStudioVersion = 17.14.36603.0 d17.14
MinimumVisualStudioVersion = 10.0.40219.1
Project("{888888A0-9F3D-457C-B088-3A5042F75D52}") = "PythonApplication5", "PythonApplication5\PythonApplication5.pyproj", "{98F6B74C-D830-4C73-B59B-C02BAFFC683A}"
EndProject
Global
	GlobalSection(SolutionConfigurationPlatforms) = preSolution
		Debug|Any CPU = Debug|Any CPU
		Release|Any CPU = Release|Any CPU
	EndGlobalSection
	GlobalSection(ProjectConfigurationPlatforms) = postSolution
		{98F6B74C-D830-4C73-B59B-C02BAFFC683A}.Debug|Any CPU.ActiveCfg = Debug|Any CPU
		{98F6B74C-D830-4C73-B59B-C02BAFFC683A}.Release|Any CPU.ActiveCfg = Release|Any CPU
	EndGlobalSection
	GlobalSection(SolutionProperties) = preSolution
		HideSolutionNode = FALSE
	EndGlobalSection
	GlobalSection(ExtensibilityGlobals) = postSolution
		SolutionGuid = {3CC02B54-0ECD-4003-BB39-5CD6F1EB7262}
	EndGlobalSection
EndGlobal
